// !$*UTF8*$!
{
	archiveVersion = 1;
	classes = {
	};
	objectVersion = 46;
	objects = {

/* Begin PBXBuildFile section */
		085E83B0A85A2FA45D95AEC2 /* Pods_TicketsUITests.framework in Frameworks */ = {isa = PBXBuildFile; fileRef = 04EC4F56763EE6FA09ABE202 /* Pods_TicketsUITests.framework */; };
		1E288A91BAA27576A6DEE91B /* Pods_TicketsTests.framework in Frameworks */ = {isa = PBXBuildFile; fileRef = C5AA834AD338BFC5F8D8516E /* Pods_TicketsTests.framework */; };
		450EBC451CD8E86D004ADD37 /* FirstPageViewController.swift in Sources */ = {isa = PBXBuildFile; fileRef = 450EBC441CD8E86D004ADD37 /* FirstPageViewController.swift */; };
		45118D221D0D876000B4E2E3 /* CouponTableView.swift in Sources */ = {isa = PBXBuildFile; fileRef = 45118D211D0D876000B4E2E3 /* CouponTableView.swift */; };
		45118D241D0D89AD00B4E2E3 /* MCouponViewController.swift in Sources */ = {isa = PBXBuildFile; fileRef = 45118D231D0D89AD00B4E2E3 /* MCouponViewController.swift */; };
		45118D261D0D8BCB00B4E2E3 /* CoupnDescriptionsTableViewCell.swift in Sources */ = {isa = PBXBuildFile; fileRef = 45118D251D0D8BCB00B4E2E3 /* CoupnDescriptionsTableViewCell.swift */; };
		4525BE021CDB95F50065E6AE /* DiscoveryViewController.swift in Sources */ = {isa = PBXBuildFile; fileRef = 4525BE011CDB95F50065E6AE /* DiscoveryViewController.swift */; };
		4525BE041CDB965A0065E6AE /* DiscoveryUniversalTableViewDataSource.swift in Sources */ = {isa = PBXBuildFile; fileRef = 4525BE031CDB965A0065E6AE /* DiscoveryUniversalTableViewDataSource.swift */; };
		4525BE061CDB96870065E6AE /* MDiscoveryUniversay.swift in Sources */ = {isa = PBXBuildFile; fileRef = 4525BE051CDB96870065E6AE /* MDiscoveryUniversay.swift */; };
		4525BE091CDB96A30065E6AE /* DiscoveryUniversayTableViewCell.swift in Sources */ = {isa = PBXBuildFile; fileRef = 4525BE071CDB96A30065E6AE /* DiscoveryUniversayTableViewCell.swift */; };
		4525BE0A1CDB96A30065E6AE /* DiscoveryUniversayTableViewCell.xib in Resources */ = {isa = PBXBuildFile; fileRef = 4525BE081CDB96A30065E6AE /* DiscoveryUniversayTableViewCell.xib */; };
		453235F01D2EA2E10013359B /* MyCouponTableViewCell.swift in Sources */ = {isa = PBXBuildFile; fileRef = 453235EE1D2EA2E10013359B /* MyCouponTableViewCell.swift */; };
		453235F11D2EA2E10013359B /* MyCouponTableViewCell.xib in Resources */ = {isa = PBXBuildFile; fileRef = 453235EF1D2EA2E10013359B /* MyCouponTableViewCell.xib */; };
		45364BDD1CE8BA850033B7D0 /* UserModel.swift in Sources */ = {isa = PBXBuildFile; fileRef = 45364BDA1CE8BA850033B7D0 /* UserModel.swift */; };
		45364BDF1CE8BADF0033B7D0 /* UserInforViewController.swift in Sources */ = {isa = PBXBuildFile; fileRef = 45364BDE1CE8BADF0033B7D0 /* UserInforViewController.swift */; };
		45364BE11CE8BAF60033B7D0 /* MineViewController.swift in Sources */ = {isa = PBXBuildFile; fileRef = 45364BE01CE8BAF60033B7D0 /* MineViewController.swift */; };
		45364BE61CE8C4A30033B7D0 /* AvatarTableViewCell.swift in Sources */ = {isa = PBXBuildFile; fileRef = 45364BE41CE8C4A30033B7D0 /* AvatarTableViewCell.swift */; };
		453976021D184E48003D6D20 /* BtnExtension.swift in Sources */ = {isa = PBXBuildFile; fileRef = 453976001D184E48003D6D20 /* BtnExtension.swift */; };
		453976031D184E48003D6D20 /* ColorExtension.swift in Sources */ = {isa = PBXBuildFile; fileRef = 453976011D184E48003D6D20 /* ColorExtension.swift */; };
		4549AF871D1847E7008DD8C3 /* CodeRequest.swift in Sources */ = {isa = PBXBuildFile; fileRef = 4549AF7A1D1847E7008DD8C3 /* CodeRequest.swift */; };
		4549AF881D1847E7008DD8C3 /* D3Json.swift in Sources */ = {isa = PBXBuildFile; fileRef = 4549AF7B1D1847E7008DD8C3 /* D3Json.swift */; };
		4549AF891D1847E7008DD8C3 /* DatabaseUserDefaults.swift in Sources */ = {isa = PBXBuildFile; fileRef = 4549AF7C1D1847E7008DD8C3 /* DatabaseUserDefaults.swift */; };
		4549AF8A1D1847E7008DD8C3 /* DefineSwift.swift in Sources */ = {isa = PBXBuildFile; fileRef = 4549AF7D1D1847E7008DD8C3 /* DefineSwift.swift */; };
		4549AF8B1D1847E7008DD8C3 /* HelpFromOc.m in Sources */ = {isa = PBXBuildFile; fileRef = 4549AF7F1D1847E7008DD8C3 /* HelpFromOc.m */; };
		4549AF8C1D1847E7008DD8C3 /* ImgDownloadQueen.swift in Sources */ = {isa = PBXBuildFile; fileRef = 4549AF801D1847E7008DD8C3 /* ImgDownloadQueen.swift */; };
		4549AF8D1D1847E7008DD8C3 /* MCommandRequest.swift in Sources */ = {isa = PBXBuildFile; fileRef = 4549AF811D1847E7008DD8C3 /* MCommandRequest.swift */; };
		4549AF8E1D1847E7008DD8C3 /* MUpToFile.swift in Sources */ = {isa = PBXBuildFile; fileRef = 4549AF821D1847E7008DD8C3 /* MUpToFile.swift */; };
		4549AF8F1D1847E7008DD8C3 /* NZZCheckingOfInput.m in Sources */ = {isa = PBXBuildFile; fileRef = 4549AF841D1847E7008DD8C3 /* NZZCheckingOfInput.m */; };
		4549AF901D1847E7008DD8C3 /* TopModel.swift in Sources */ = {isa = PBXBuildFile; fileRef = 4549AF851D1847E7008DD8C3 /* TopModel.swift */; };
		4564723A1D5EEC2300B0378B /* AFNetworking.framework in Frameworks */ = {isa = PBXBuildFile; fileRef = 456472311D5EEC2300B0378B /* AFNetworking.framework */; };
		4564723B1D5EEC2300B0378B /* CocoaSecurity.framework in Frameworks */ = {isa = PBXBuildFile; fileRef = 456472321D5EEC2300B0378B /* CocoaSecurity.framework */; };
		4564723C1D5EEC2300B0378B /* HappyDNS.framework in Frameworks */ = {isa = PBXBuildFile; fileRef = 456472331D5EEC2300B0378B /* HappyDNS.framework */; };
		4564723D1D5EEC2300B0378B /* Pods_TicketsTests.framework in Frameworks */ = {isa = PBXBuildFile; fileRef = 456472341D5EEC2300B0378B /* Pods_TicketsTests.framework */; };
		4564723E1D5EEC2300B0378B /* Pods_TicketsUITests.framework in Frameworks */ = {isa = PBXBuildFile; fileRef = 456472351D5EEC2300B0378B /* Pods_TicketsUITests.framework */; };
		4564723F1D5EEC2300B0378B /* Qiniu.framework in Frameworks */ = {isa = PBXBuildFile; fileRef = 456472361D5EEC2300B0378B /* Qiniu.framework */; };
		456472401D5EEC2300B0378B /* SDWebImage.framework in Frameworks */ = {isa = PBXBuildFile; fileRef = 456472371D5EEC2300B0378B /* SDWebImage.framework */; };
		456472411D5EEC2300B0378B /* SnapKit.framework in Frameworks */ = {isa = PBXBuildFile; fileRef = 456472381D5EEC2300B0378B /* SnapKit.framework */; };
		456472421D5EEC2300B0378B /* SVProgressHUD.framework in Frameworks */ = {isa = PBXBuildFile; fileRef = 456472391D5EEC2300B0378B /* SVProgressHUD.framework */; };
		45662C711CF4B399005E0807 /* IMG_7064.PNG in Resources */ = {isa = PBXBuildFile; fileRef = 45662C701CF4B399005E0807 /* IMG_7064.PNG */; };
		45662C731CF4B6BB005E0807 /* test.jpg in Resources */ = {isa = PBXBuildFile; fileRef = 45662C721CF4B6BB005E0807 /* test.jpg */; };
		4567DDED1D27FDE900AC7B2E /* OrderDetailViewController.swift in Sources */ = {isa = PBXBuildFile; fileRef = 4567DDEB1D27FDE900AC7B2E /* OrderDetailViewController.swift */; };
		4569F0461CDA4ACC009CA42F /* FirstPageTableViewCell.swift in Sources */ = {isa = PBXBuildFile; fileRef = 4569F0441CDA4ACC009CA42F /* FirstPageTableViewCell.swift */; };
		4569F0471CDA4ACC009CA42F /* FirstPageTableViewCell.xib in Resources */ = {isa = PBXBuildFile; fileRef = 4569F0451CDA4ACC009CA42F /* FirstPageTableViewCell.xib */; };
		4569F04B1CDA4B92009CA42F /* FirstPageTableView.swift in Sources */ = {isa = PBXBuildFile; fileRef = 4569F04A1CDA4B92009CA42F /* FirstPageTableView.swift */; };
		4569F04D1CDA4FBE009CA42F /* MFirstPageTableView.swift in Sources */ = {isa = PBXBuildFile; fileRef = 4569F04C1CDA4FBE009CA42F /* MFirstPageTableView.swift */; };
		456AD7D91CF5D3C6003E3563 /* LoginNeedViewController.swift in Sources */ = {isa = PBXBuildFile; fileRef = 456AD7D81CF5D3C6003E3563 /* LoginNeedViewController.swift */; };
		456AD7DB1CF5D6D0003E3563 /* HWJNavControllerViewController.swift in Sources */ = {isa = PBXBuildFile; fileRef = 456AD7DA1CF5D6D0003E3563 /* HWJNavControllerViewController.swift */; };
		456AD7DE1CF5D8C9003E3563 /* CouponViewController.swift in Sources */ = {isa = PBXBuildFile; fileRef = 456AD7DC1CF5D8C9003E3563 /* CouponViewController.swift */; };
		456AD7E21CF5E4A3003E3563 /* Images.xcassets in Resources */ = {isa = PBXBuildFile; fileRef = 456AD7E11CF5E4A3003E3563 /* Images.xcassets */; };
		456DB1831D2435BE00B58FB4 /* UILabelExtension.swift in Sources */ = {isa = PBXBuildFile; fileRef = 456DB1821D2435BE00B58FB4 /* UILabelExtension.swift */; };
		456DB1851D2437E100B58FB4 /* TagViewInCouponDetailView.swift in Sources */ = {isa = PBXBuildFile; fileRef = 456DB1841D2437E100B58FB4 /* TagViewInCouponDetailView.swift */; };
		4573A3AF1CDF99F2008A2C00 /* RegstViewController.swift in Sources */ = {isa = PBXBuildFile; fileRef = 4573A3AE1CDF99F2008A2C00 /* RegstViewController.swift */; };
		457CE56E1CD3957700D3BA05 /* LoginViewController.swift in Sources */ = {isa = PBXBuildFile; fileRef = 457CE56D1CD3957700D3BA05 /* LoginViewController.swift */; };
		457CE5701CD3959000D3BA05 /* LoginAndRegist.storyboard in Resources */ = {isa = PBXBuildFile; fileRef = 457CE56F1CD3959000D3BA05 /* LoginAndRegist.storyboard */; };
		458DBC541CD5A197001F45B0 /* Alamofire.swift in Sources */ = {isa = PBXBuildFile; fileRef = 458DBC461CD5A197001F45B0 /* Alamofire.swift */; };
		458DBC551CD5A197001F45B0 /* Download.swift in Sources */ = {isa = PBXBuildFile; fileRef = 458DBC471CD5A197001F45B0 /* Download.swift */; };
		458DBC561CD5A197001F45B0 /* Error.swift in Sources */ = {isa = PBXBuildFile; fileRef = 458DBC481CD5A197001F45B0 /* Error.swift */; };
		458DBC571CD5A197001F45B0 /* Info.plist in Resources */ = {isa = PBXBuildFile; fileRef = 458DBC491CD5A197001F45B0 /* Info.plist */; };
		458DBC581CD5A197001F45B0 /* Manager.swift in Sources */ = {isa = PBXBuildFile; fileRef = 458DBC4A1CD5A197001F45B0 /* Manager.swift */; };
		458DBC591CD5A197001F45B0 /* MultipartFormData.swift in Sources */ = {isa = PBXBuildFile; fileRef = 458DBC4B1CD5A197001F45B0 /* MultipartFormData.swift */; };
		458DBC5A1CD5A197001F45B0 /* ParameterEncoding.swift in Sources */ = {isa = PBXBuildFile; fileRef = 458DBC4C1CD5A197001F45B0 /* ParameterEncoding.swift */; };
		458DBC5B1CD5A197001F45B0 /* Request.swift in Sources */ = {isa = PBXBuildFile; fileRef = 458DBC4D1CD5A197001F45B0 /* Request.swift */; };
		458DBC5C1CD5A197001F45B0 /* ResponseSerialization.swift in Sources */ = {isa = PBXBuildFile; fileRef = 458DBC4E1CD5A197001F45B0 /* ResponseSerialization.swift */; };
		458DBC5D1CD5A197001F45B0 /* Result.swift in Sources */ = {isa = PBXBuildFile; fileRef = 458DBC4F1CD5A197001F45B0 /* Result.swift */; };
		458DBC5E1CD5A197001F45B0 /* ServerTrustPolicy.swift in Sources */ = {isa = PBXBuildFile; fileRef = 458DBC501CD5A197001F45B0 /* ServerTrustPolicy.swift */; };
		458DBC5F1CD5A197001F45B0 /* Stream.swift in Sources */ = {isa = PBXBuildFile; fileRef = 458DBC511CD5A197001F45B0 /* Stream.swift */; };
		458DBC601CD5A197001F45B0 /* Upload.swift in Sources */ = {isa = PBXBuildFile; fileRef = 458DBC521CD5A197001F45B0 /* Upload.swift */; };
		458DBC611CD5A197001F45B0 /* Validation.swift in Sources */ = {isa = PBXBuildFile; fileRef = 458DBC531CD5A197001F45B0 /* Validation.swift */; };
		45B83D421CD8EB9400F23E4F /* BannerInFirstPage.swift in Sources */ = {isa = PBXBuildFile; fileRef = 45B83D411CD8EB9400F23E4F /* BannerInFirstPage.swift */; };
		45BAF7651D2C0CB0008CF270 /* MOrderDetailViewController.swift in Sources */ = {isa = PBXBuildFile; fileRef = 45BAF7641D2C0CB0008CF270 /* MOrderDetailViewController.swift */; };
		45BE1DBA1D2D434A00E7851D /* MyCouponListViewController.swift in Sources */ = {isa = PBXBuildFile; fileRef = 45BE1DB91D2D434A00E7851D /* MyCouponListViewController.swift */; };
		45BE1DBC1D2D598400E7851D /* MMineViewController.swift in Sources */ = {isa = PBXBuildFile; fileRef = 45BE1DBB1D2D598400E7851D /* MMineViewController.swift */; };
		45D31E7A1D2AB62C0025A15D /* OrderDetailTableView.swift in Sources */ = {isa = PBXBuildFile; fileRef = 45D31E791D2AB62C0025A15D /* OrderDetailTableView.swift */; };
		45D31E7C1D2AB8240025A15D /* OrderDetailView.swift in Sources */ = {isa = PBXBuildFile; fileRef = 45D31E7B1D2AB8240025A15D /* OrderDetailView.swift */; };
		45D31E7E1D2AC2F80025A15D /* Order.swift in Sources */ = {isa = PBXBuildFile; fileRef = 45D31E7D1D2AC2F80025A15D /* Order.swift */; };
		45DFF1381CD338A2002C0814 /* AppDelegate.swift in Sources */ = {isa = PBXBuildFile; fileRef = 45DFF1371CD338A2002C0814 /* AppDelegate.swift */; };
		45DFF13F1CD338A2002C0814 /* MainTabBar.storyboard in Resources */ = {isa = PBXBuildFile; fileRef = 45DFF13D1CD338A2002C0814 /* MainTabBar.storyboard */; };
		45DFF1441CD338A2002C0814 /* LaunchScreen.storyboard in Resources */ = {isa = PBXBuildFile; fileRef = 45DFF1421CD338A2002C0814 /* LaunchScreen.storyboard */; };
		45DFF14F1CD338A2002C0814 /* TicketsTests.swift in Sources */ = {isa = PBXBuildFile; fileRef = 45DFF14E1CD338A2002C0814 /* TicketsTests.swift */; };
		45DFF15A1CD338A2002C0814 /* TicketsUITests.swift in Sources */ = {isa = PBXBuildFile; fileRef = 45DFF1591CD338A2002C0814 /* TicketsUITests.swift */; };
		45DFF16A1CD33A4C002C0814 /* MainTabbar.swift in Sources */ = {isa = PBXBuildFile; fileRef = 45DFF1691CD33A4C002C0814 /* MainTabbar.swift */; };
		45DFF16F1CD33CDA002C0814 /* TKConfig.swift in Sources */ = {isa = PBXBuildFile; fileRef = 45DFF16E1CD33CDA002C0814 /* TKConfig.swift */; };
		45F681391D0F05AC004C1433 /* CoponTableViewHeadView.swift in Sources */ = {isa = PBXBuildFile; fileRef = 45F681381D0F05AC004C1433 /* CoponTableViewHeadView.swift */; };
		45FD9DFF1D1C4A65002503C0 /* UniversialWebViewViewController.swift in Sources */ = {isa = PBXBuildFile; fileRef = 45FD9DFE1D1C4A65002503C0 /* UniversialWebViewViewController.swift */; };
		DCED3ABB53B9E22F858E73E5 /* Pods_Tickets.framework in Frameworks */ = {isa = PBXBuildFile; fileRef = 9F8A775F9EA81998ED7C1C6E /* Pods_Tickets.framework */; };
/* End PBXBuildFile section */

/* Begin PBXContainerItemProxy section */
		45DFF14B1CD338A2002C0814 /* PBXContainerItemProxy */ = {
			isa = PBXContainerItemProxy;
			containerPortal = 45DFF12C1CD338A2002C0814 /* Project object */;
			proxyType = 1;
			remoteGlobalIDString = 45DFF1331CD338A2002C0814;
			remoteInfo = Tickets;
		};
		45DFF1561CD338A2002C0814 /* PBXContainerItemProxy */ = {
			isa = PBXContainerItemProxy;
			containerPortal = 45DFF12C1CD338A2002C0814 /* Project object */;
			proxyType = 1;
			remoteGlobalIDString = 45DFF1331CD338A2002C0814;
			remoteInfo = Tickets;
		};
/* End PBXContainerItemProxy section */

/* Begin PBXFileReference section */
		04EC4F56763EE6FA09ABE202 /* Pods_TicketsUITests.framework */ = {isa = PBXFileReference; explicitFileType = wrapper.framework; includeInIndex = 0; path = Pods_TicketsUITests.framework; sourceTree = BUILT_PRODUCTS_DIR; };
		1CB78B838E61DECE94EA2C51 /* Pods-TicketsUITests.debug.xcconfig */ = {isa = PBXFileReference; includeInIndex = 1; lastKnownFileType = text.xcconfig; name = "Pods-TicketsUITests.debug.xcconfig"; path = "Pods/Target Support Files/Pods-TicketsUITests/Pods-TicketsUITests.debug.xcconfig"; sourceTree = "<group>"; };
		247381EA7D8954918FB8ED33 /* Pods-Tickets.release.xcconfig */ = {isa = PBXFileReference; includeInIndex = 1; lastKnownFileType = text.xcconfig; name = "Pods-Tickets.release.xcconfig"; path = "Pods/Target Support Files/Pods-Tickets/Pods-Tickets.release.xcconfig"; sourceTree = "<group>"; };
		450EBC441CD8E86D004ADD37 /* FirstPageViewController.swift */ = {isa = PBXFileReference; fileEncoding = 4; lastKnownFileType = sourcecode.swift; path = FirstPageViewController.swift; sourceTree = "<group>"; };
		45118D211D0D876000B4E2E3 /* CouponTableView.swift */ = {isa = PBXFileReference; fileEncoding = 4; lastKnownFileType = sourcecode.swift; path = CouponTableView.swift; sourceTree = "<group>"; };
		45118D231D0D89AD00B4E2E3 /* MCouponViewController.swift */ = {isa = PBXFileReference; fileEncoding = 4; lastKnownFileType = sourcecode.swift; path = MCouponViewController.swift; sourceTree = "<group>"; };
		45118D251D0D8BCB00B4E2E3 /* CoupnDescriptionsTableViewCell.swift */ = {isa = PBXFileReference; fileEncoding = 4; lastKnownFileType = sourcecode.swift; path = CoupnDescriptionsTableViewCell.swift; sourceTree = "<group>"; };
		4525BE011CDB95F50065E6AE /* DiscoveryViewController.swift */ = {isa = PBXFileReference; fileEncoding = 4; lastKnownFileType = sourcecode.swift; path = DiscoveryViewController.swift; sourceTree = "<group>"; };
		4525BE031CDB965A0065E6AE /* DiscoveryUniversalTableViewDataSource.swift */ = {isa = PBXFileReference; fileEncoding = 4; lastKnownFileType = sourcecode.swift; path = DiscoveryUniversalTableViewDataSource.swift; sourceTree = "<group>"; };
		4525BE051CDB96870065E6AE /* MDiscoveryUniversay.swift */ = {isa = PBXFileReference; fileEncoding = 4; lastKnownFileType = sourcecode.swift; path = MDiscoveryUniversay.swift; sourceTree = "<group>"; };
		4525BE071CDB96A30065E6AE /* DiscoveryUniversayTableViewCell.swift */ = {isa = PBXFileReference; fileEncoding = 4; lastKnownFileType = sourcecode.swift; path = DiscoveryUniversayTableViewCell.swift; sourceTree = "<group>"; };
		4525BE081CDB96A30065E6AE /* DiscoveryUniversayTableViewCell.xib */ = {isa = PBXFileReference; fileEncoding = 4; lastKnownFileType = file.xib; path = DiscoveryUniversayTableViewCell.xib; sourceTree = "<group>"; };
		453235EE1D2EA2E10013359B /* MyCouponTableViewCell.swift */ = {isa = PBXFileReference; fileEncoding = 4; lastKnownFileType = sourcecode.swift; path = MyCouponTableViewCell.swift; sourceTree = "<group>"; };
		453235EF1D2EA2E10013359B /* MyCouponTableViewCell.xib */ = {isa = PBXFileReference; fileEncoding = 4; lastKnownFileType = file.xib; path = MyCouponTableViewCell.xib; sourceTree = "<group>"; };
		45364BDA1CE8BA850033B7D0 /* UserModel.swift */ = {isa = PBXFileReference; fileEncoding = 4; lastKnownFileType = sourcecode.swift; path = UserModel.swift; sourceTree = "<group>"; };
		45364BDE1CE8BADF0033B7D0 /* UserInforViewController.swift */ = {isa = PBXFileReference; fileEncoding = 4; lastKnownFileType = sourcecode.swift; path = UserInforViewController.swift; sourceTree = "<group>"; };
		45364BE01CE8BAF60033B7D0 /* MineViewController.swift */ = {isa = PBXFileReference; fileEncoding = 4; lastKnownFileType = sourcecode.swift; path = MineViewController.swift; sourceTree = "<group>"; };
		45364BE41CE8C4A30033B7D0 /* AvatarTableViewCell.swift */ = {isa = PBXFileReference; fileEncoding = 4; lastKnownFileType = sourcecode.swift; path = AvatarTableViewCell.swift; sourceTree = "<group>"; };
		453976001D184E48003D6D20 /* BtnExtension.swift */ = {isa = PBXFileReference; fileEncoding = 4; lastKnownFileType = sourcecode.swift; path = BtnExtension.swift; sourceTree = "<group>"; };
		453976011D184E48003D6D20 /* ColorExtension.swift */ = {isa = PBXFileReference; fileEncoding = 4; lastKnownFileType = sourcecode.swift; path = ColorExtension.swift; sourceTree = "<group>"; };
		4549AF7A1D1847E7008DD8C3 /* CodeRequest.swift */ = {isa = PBXFileReference; fileEncoding = 4; lastKnownFileType = sourcecode.swift; path = CodeRequest.swift; sourceTree = "<group>"; };
		4549AF7B1D1847E7008DD8C3 /* D3Json.swift */ = {isa = PBXFileReference; fileEncoding = 4; lastKnownFileType = sourcecode.swift; path = D3Json.swift; sourceTree = "<group>"; };
		4549AF7C1D1847E7008DD8C3 /* DatabaseUserDefaults.swift */ = {isa = PBXFileReference; fileEncoding = 4; lastKnownFileType = sourcecode.swift; path = DatabaseUserDefaults.swift; sourceTree = "<group>"; };
		4549AF7D1D1847E7008DD8C3 /* DefineSwift.swift */ = {isa = PBXFileReference; fileEncoding = 4; lastKnownFileType = sourcecode.swift; path = DefineSwift.swift; sourceTree = "<group>"; };
		4549AF7E1D1847E7008DD8C3 /* HelpFromOc.h */ = {isa = PBXFileReference; fileEncoding = 4; lastKnownFileType = sourcecode.c.h; path = HelpFromOc.h; sourceTree = "<group>"; };
		4549AF7F1D1847E7008DD8C3 /* HelpFromOc.m */ = {isa = PBXFileReference; fileEncoding = 4; lastKnownFileType = sourcecode.c.objc; path = HelpFromOc.m; sourceTree = "<group>"; };
		4549AF801D1847E7008DD8C3 /* ImgDownloadQueen.swift */ = {isa = PBXFileReference; fileEncoding = 4; lastKnownFileType = sourcecode.swift; path = ImgDownloadQueen.swift; sourceTree = "<group>"; };
		4549AF811D1847E7008DD8C3 /* MCommandRequest.swift */ = {isa = PBXFileReference; fileEncoding = 4; lastKnownFileType = sourcecode.swift; path = MCommandRequest.swift; sourceTree = "<group>"; };
		4549AF821D1847E7008DD8C3 /* MUpToFile.swift */ = {isa = PBXFileReference; fileEncoding = 4; lastKnownFileType = sourcecode.swift; path = MUpToFile.swift; sourceTree = "<group>"; };
		4549AF831D1847E7008DD8C3 /* NZZCheckingOfInput.h */ = {isa = PBXFileReference; fileEncoding = 4; lastKnownFileType = sourcecode.c.h; path = NZZCheckingOfInput.h; sourceTree = "<group>"; };
		4549AF841D1847E7008DD8C3 /* NZZCheckingOfInput.m */ = {isa = PBXFileReference; fileEncoding = 4; lastKnownFileType = sourcecode.c.objc; path = NZZCheckingOfInput.m; sourceTree = "<group>"; };
		4549AF851D1847E7008DD8C3 /* TopModel.swift */ = {isa = PBXFileReference; fileEncoding = 4; lastKnownFileType = sourcecode.swift; path = TopModel.swift; sourceTree = "<group>"; };
		456472301D5EE94700B0378B /* Tickets-Bridging-Header.h */ = {isa = PBXFileReference; fileEncoding = 4; lastKnownFileType = sourcecode.c.h; path = "Tickets-Bridging-Header.h"; sourceTree = "<group>"; };
		456472311D5EEC2300B0378B /* AFNetworking.framework */ = {isa = PBXFileReference; lastKnownFileType = wrapper.framework; name = AFNetworking.framework; path = "../../../../workspace/黑卡业务/Build/Products/Debug-iphoneos/AFNetworking/AFNetworking.framework"; sourceTree = "<group>"; };
		456472321D5EEC2300B0378B /* CocoaSecurity.framework */ = {isa = PBXFileReference; lastKnownFileType = wrapper.framework; name = CocoaSecurity.framework; path = "../../../../workspace/黑卡业务/Build/Products/Debug-iphoneos/CocoaSecurity/CocoaSecurity.framework"; sourceTree = "<group>"; };
		456472331D5EEC2300B0378B /* HappyDNS.framework */ = {isa = PBXFileReference; lastKnownFileType = wrapper.framework; name = HappyDNS.framework; path = "../../../../workspace/黑卡业务/Build/Products/Debug-iphoneos/HappyDNS/HappyDNS.framework"; sourceTree = "<group>"; };
		456472341D5EEC2300B0378B /* Pods_TicketsTests.framework */ = {isa = PBXFileReference; lastKnownFileType = wrapper.framework; name = Pods_TicketsTests.framework; path = "Pods/../build/Debug-iphoneos/Pods_TicketsTests.framework"; sourceTree = "<group>"; };
		456472351D5EEC2300B0378B /* Pods_TicketsUITests.framework */ = {isa = PBXFileReference; lastKnownFileType = wrapper.framework; name = Pods_TicketsUITests.framework; path = "Pods/../build/Debug-iphoneos/Pods_TicketsUITests.framework"; sourceTree = "<group>"; };
		456472361D5EEC2300B0378B /* Qiniu.framework */ = {isa = PBXFileReference; lastKnownFileType = wrapper.framework; name = Qiniu.framework; path = "../../../../workspace/黑卡业务/Build/Products/Debug-iphoneos/Qiniu/Qiniu.framework"; sourceTree = "<group>"; };
		456472371D5EEC2300B0378B /* SDWebImage.framework */ = {isa = PBXFileReference; lastKnownFileType = wrapper.framework; name = SDWebImage.framework; path = "../../../../workspace/黑卡业务/Build/Products/Debug-iphoneos/SDWebImage/SDWebImage.framework"; sourceTree = "<group>"; };
		456472381D5EEC2300B0378B /* SnapKit.framework */ = {isa = PBXFileReference; lastKnownFileType = wrapper.framework; name = SnapKit.framework; path = "../../../../workspace/黑卡业务/Build/Products/Debug-iphoneos/SnapKit/SnapKit.framework"; sourceTree = "<group>"; };
		456472391D5EEC2300B0378B /* SVProgressHUD.framework */ = {isa = PBXFileReference; lastKnownFileType = wrapper.framework; name = SVProgressHUD.framework; path = "../../../../workspace/黑卡业务/Build/Products/Debug-iphoneos/SVProgressHUD/SVProgressHUD.framework"; sourceTree = "<group>"; };
		45662C701CF4B399005E0807 /* IMG_7064.PNG */ = {isa = PBXFileReference; lastKnownFileType = image.png; path = IMG_7064.PNG; sourceTree = "<group>"; };
		45662C721CF4B6BB005E0807 /* test.jpg */ = {isa = PBXFileReference; lastKnownFileType = image.jpeg; path = test.jpg; sourceTree = "<group>"; };
		4567DDEB1D27FDE900AC7B2E /* OrderDetailViewController.swift */ = {isa = PBXFileReference; fileEncoding = 4; lastKnownFileType = sourcecode.swift; path = OrderDetailViewController.swift; sourceTree = "<group>"; };
		4569F0441CDA4ACC009CA42F /* FirstPageTableViewCell.swift */ = {isa = PBXFileReference; fileEncoding = 4; lastKnownFileType = sourcecode.swift; path = FirstPageTableViewCell.swift; sourceTree = "<group>"; };
		4569F0451CDA4ACC009CA42F /* FirstPageTableViewCell.xib */ = {isa = PBXFileReference; fileEncoding = 4; lastKnownFileType = file.xib; path = FirstPageTableViewCell.xib; sourceTree = "<group>"; };
		4569F04A1CDA4B92009CA42F /* FirstPageTableView.swift */ = {isa = PBXFileReference; fileEncoding = 4; lastKnownFileType = sourcecode.swift; path = FirstPageTableView.swift; sourceTree = "<group>"; };
		4569F04C1CDA4FBE009CA42F /* MFirstPageTableView.swift */ = {isa = PBXFileReference; fileEncoding = 4; lastKnownFileType = sourcecode.swift; path = MFirstPageTableView.swift; sourceTree = "<group>"; };
		456AD7D81CF5D3C6003E3563 /* LoginNeedViewController.swift */ = {isa = PBXFileReference; fileEncoding = 4; lastKnownFileType = sourcecode.swift; path = LoginNeedViewController.swift; sourceTree = "<group>"; };
		456AD7DA1CF5D6D0003E3563 /* HWJNavControllerViewController.swift */ = {isa = PBXFileReference; fileEncoding = 4; lastKnownFileType = sourcecode.swift; path = HWJNavControllerViewController.swift; sourceTree = "<group>"; };
		456AD7DC1CF5D8C9003E3563 /* CouponViewController.swift */ = {isa = PBXFileReference; fileEncoding = 4; lastKnownFileType = sourcecode.swift; path = CouponViewController.swift; sourceTree = "<group>"; };
		456AD7E11CF5E4A3003E3563 /* Images.xcassets */ = {isa = PBXFileReference; lastKnownFileType = folder.assetcatalog; path = Images.xcassets; sourceTree = "<group>"; };
		456DB1821D2435BE00B58FB4 /* UILabelExtension.swift */ = {isa = PBXFileReference; fileEncoding = 4; lastKnownFileType = sourcecode.swift; path = UILabelExtension.swift; sourceTree = "<group>"; };
		456DB1841D2437E100B58FB4 /* TagViewInCouponDetailView.swift */ = {isa = PBXFileReference; fileEncoding = 4; lastKnownFileType = sourcecode.swift; path = TagViewInCouponDetailView.swift; sourceTree = "<group>"; };
		4573A3AE1CDF99F2008A2C00 /* RegstViewController.swift */ = {isa = PBXFileReference; fileEncoding = 4; lastKnownFileType = sourcecode.swift; path = RegstViewController.swift; sourceTree = "<group>"; };
		457CE56D1CD3957700D3BA05 /* LoginViewController.swift */ = {isa = PBXFileReference; fileEncoding = 4; lastKnownFileType = sourcecode.swift; path = LoginViewController.swift; sourceTree = "<group>"; };
		457CE56F1CD3959000D3BA05 /* LoginAndRegist.storyboard */ = {isa = PBXFileReference; fileEncoding = 4; lastKnownFileType = file.storyboard; path = LoginAndRegist.storyboard; sourceTree = "<group>"; };
		458DBC451CD5A197001F45B0 /* Alamofire.h */ = {isa = PBXFileReference; fileEncoding = 4; lastKnownFileType = sourcecode.c.h; path = Alamofire.h; sourceTree = "<group>"; };
		458DBC461CD5A197001F45B0 /* Alamofire.swift */ = {isa = PBXFileReference; fileEncoding = 4; lastKnownFileType = sourcecode.swift; path = Alamofire.swift; sourceTree = "<group>"; };
		458DBC471CD5A197001F45B0 /* Download.swift */ = {isa = PBXFileReference; fileEncoding = 4; lastKnownFileType = sourcecode.swift; path = Download.swift; sourceTree = "<group>"; };
		458DBC481CD5A197001F45B0 /* Error.swift */ = {isa = PBXFileReference; fileEncoding = 4; lastKnownFileType = sourcecode.swift; path = Error.swift; sourceTree = "<group>"; };
		458DBC491CD5A197001F45B0 /* Info.plist */ = {isa = PBXFileReference; fileEncoding = 4; lastKnownFileType = text.plist.xml; path = Info.plist; sourceTree = "<group>"; };
		458DBC4A1CD5A197001F45B0 /* Manager.swift */ = {isa = PBXFileReference; fileEncoding = 4; lastKnownFileType = sourcecode.swift; path = Manager.swift; sourceTree = "<group>"; };
		458DBC4B1CD5A197001F45B0 /* MultipartFormData.swift */ = {isa = PBXFileReference; fileEncoding = 4; lastKnownFileType = sourcecode.swift; path = MultipartFormData.swift; sourceTree = "<group>"; };
		458DBC4C1CD5A197001F45B0 /* ParameterEncoding.swift */ = {isa = PBXFileReference; fileEncoding = 4; lastKnownFileType = sourcecode.swift; path = ParameterEncoding.swift; sourceTree = "<group>"; };
		458DBC4D1CD5A197001F45B0 /* Request.swift */ = {isa = PBXFileReference; fileEncoding = 4; lastKnownFileType = sourcecode.swift; path = Request.swift; sourceTree = "<group>"; };
		458DBC4E1CD5A197001F45B0 /* ResponseSerialization.swift */ = {isa = PBXFileReference; fileEncoding = 4; lastKnownFileType = sourcecode.swift; path = ResponseSerialization.swift; sourceTree = "<group>"; };
		458DBC4F1CD5A197001F45B0 /* Result.swift */ = {isa = PBXFileReference; fileEncoding = 4; lastKnownFileType = sourcecode.swift; path = Result.swift; sourceTree = "<group>"; };
		458DBC501CD5A197001F45B0 /* ServerTrustPolicy.swift */ = {isa = PBXFileReference; fileEncoding = 4; lastKnownFileType = sourcecode.swift; path = ServerTrustPolicy.swift; sourceTree = "<group>"; };
		458DBC511CD5A197001F45B0 /* Stream.swift */ = {isa = PBXFileReference; fileEncoding = 4; lastKnownFileType = sourcecode.swift; path = Stream.swift; sourceTree = "<group>"; };
		458DBC521CD5A197001F45B0 /* Upload.swift */ = {isa = PBXFileReference; fileEncoding = 4; lastKnownFileType = sourcecode.swift; path = Upload.swift; sourceTree = "<group>"; };
		458DBC531CD5A197001F45B0 /* Validation.swift */ = {isa = PBXFileReference; fileEncoding = 4; lastKnownFileType = sourcecode.swift; path = Validation.swift; sourceTree = "<group>"; };
		45B83D411CD8EB9400F23E4F /* BannerInFirstPage.swift */ = {isa = PBXFileReference; fileEncoding = 4; lastKnownFileType = sourcecode.swift; path = BannerInFirstPage.swift; sourceTree = "<group>"; };
		45BAF7641D2C0CB0008CF270 /* MOrderDetailViewController.swift */ = {isa = PBXFileReference; fileEncoding = 4; lastKnownFileType = sourcecode.swift; path = MOrderDetailViewController.swift; sourceTree = "<group>"; };
		45BE1DB91D2D434A00E7851D /* MyCouponListViewController.swift */ = {isa = PBXFileReference; fileEncoding = 4; lastKnownFileType = sourcecode.swift; path = MyCouponListViewController.swift; sourceTree = "<group>"; };
		45BE1DBB1D2D598400E7851D /* MMineViewController.swift */ = {isa = PBXFileReference; fileEncoding = 4; lastKnownFileType = sourcecode.swift; path = MMineViewController.swift; sourceTree = "<group>"; };
		45D31E791D2AB62C0025A15D /* OrderDetailTableView.swift */ = {isa = PBXFileReference; fileEncoding = 4; lastKnownFileType = sourcecode.swift; path = OrderDetailTableView.swift; sourceTree = "<group>"; };
		45D31E7B1D2AB8240025A15D /* OrderDetailView.swift */ = {isa = PBXFileReference; fileEncoding = 4; lastKnownFileType = sourcecode.swift; path = OrderDetailView.swift; sourceTree = "<group>"; };
		45D31E7D1D2AC2F80025A15D /* Order.swift */ = {isa = PBXFileReference; fileEncoding = 4; lastKnownFileType = sourcecode.swift; path = Order.swift; sourceTree = "<group>"; };
		45DFF1341CD338A2002C0814 /* Tickets.app */ = {isa = PBXFileReference; explicitFileType = wrapper.application; includeInIndex = 0; path = Tickets.app; sourceTree = BUILT_PRODUCTS_DIR; };
		45DFF1371CD338A2002C0814 /* AppDelegate.swift */ = {isa = PBXFileReference; lastKnownFileType = sourcecode.swift; path = AppDelegate.swift; sourceTree = "<group>"; };
		45DFF13E1CD338A2002C0814 /* Base */ = {isa = PBXFileReference; lastKnownFileType = file.storyboard; name = Base; path = Base.lproj/MainTabBar.storyboard; sourceTree = "<group>"; };
		45DFF1431CD338A2002C0814 /* Base */ = {isa = PBXFileReference; lastKnownFileType = file.storyboard; name = Base; path = Base.lproj/LaunchScreen.storyboard; sourceTree = "<group>"; };
		45DFF1451CD338A2002C0814 /* Info.plist */ = {isa = PBXFileReference; lastKnownFileType = text.plist.xml; path = Info.plist; sourceTree = "<group>"; };
		45DFF14A1CD338A2002C0814 /* TicketsTests.xctest */ = {isa = PBXFileReference; explicitFileType = wrapper.cfbundle; includeInIndex = 0; path = TicketsTests.xctest; sourceTree = BUILT_PRODUCTS_DIR; };
		45DFF14E1CD338A2002C0814 /* TicketsTests.swift */ = {isa = PBXFileReference; lastKnownFileType = sourcecode.swift; path = TicketsTests.swift; sourceTree = "<group>"; };
		45DFF1501CD338A2002C0814 /* Info.plist */ = {isa = PBXFileReference; lastKnownFileType = text.plist.xml; path = Info.plist; sourceTree = "<group>"; };
		45DFF1551CD338A2002C0814 /* TicketsUITests.xctest */ = {isa = PBXFileReference; explicitFileType = wrapper.cfbundle; includeInIndex = 0; path = TicketsUITests.xctest; sourceTree = BUILT_PRODUCTS_DIR; };
		45DFF1591CD338A2002C0814 /* TicketsUITests.swift */ = {isa = PBXFileReference; lastKnownFileType = sourcecode.swift; path = TicketsUITests.swift; sourceTree = "<group>"; };
		45DFF15B1CD338A2002C0814 /* Info.plist */ = {isa = PBXFileReference; lastKnownFileType = text.plist.xml; path = Info.plist; sourceTree = "<group>"; };
		45DFF1691CD33A4C002C0814 /* MainTabbar.swift */ = {isa = PBXFileReference; fileEncoding = 4; lastKnownFileType = sourcecode.swift; path = MainTabbar.swift; sourceTree = "<group>"; };
		45DFF16E1CD33CDA002C0814 /* TKConfig.swift */ = {isa = PBXFileReference; fileEncoding = 4; lastKnownFileType = sourcecode.swift; path = TKConfig.swift; sourceTree = "<group>"; };
		45F681381D0F05AC004C1433 /* CoponTableViewHeadView.swift */ = {isa = PBXFileReference; fileEncoding = 4; lastKnownFileType = sourcecode.swift; path = CoponTableViewHeadView.swift; sourceTree = "<group>"; };
		45FD9DFE1D1C4A65002503C0 /* UniversialWebViewViewController.swift */ = {isa = PBXFileReference; fileEncoding = 4; lastKnownFileType = sourcecode.swift; path = UniversialWebViewViewController.swift; sourceTree = "<group>"; };
		647311BDA3801DDD321E95B4 /* Pods-TicketsTests.debug.xcconfig */ = {isa = PBXFileReference; includeInIndex = 1; lastKnownFileType = text.xcconfig; name = "Pods-TicketsTests.debug.xcconfig"; path = "Pods/Target Support Files/Pods-TicketsTests/Pods-TicketsTests.debug.xcconfig"; sourceTree = "<group>"; };
		65F74A5BA1EE5F70E0DAD110 /* Pods-TicketsTests.release.xcconfig */ = {isa = PBXFileReference; includeInIndex = 1; lastKnownFileType = text.xcconfig; name = "Pods-TicketsTests.release.xcconfig"; path = "Pods/Target Support Files/Pods-TicketsTests/Pods-TicketsTests.release.xcconfig"; sourceTree = "<group>"; };
		9F8A775F9EA81998ED7C1C6E /* Pods_Tickets.framework */ = {isa = PBXFileReference; explicitFileType = wrapper.framework; includeInIndex = 0; path = Pods_Tickets.framework; sourceTree = BUILT_PRODUCTS_DIR; };
		B52E0F0EB1F8BCF646052CE1 /* Pods-Tickets.debug.xcconfig */ = {isa = PBXFileReference; includeInIndex = 1; lastKnownFileType = text.xcconfig; name = "Pods-Tickets.debug.xcconfig"; path = "Pods/Target Support Files/Pods-Tickets/Pods-Tickets.debug.xcconfig"; sourceTree = "<group>"; };
		C5AA834AD338BFC5F8D8516E /* Pods_TicketsTests.framework */ = {isa = PBXFileReference; explicitFileType = wrapper.framework; includeInIndex = 0; path = Pods_TicketsTests.framework; sourceTree = BUILT_PRODUCTS_DIR; };
		E33D581155A281DF8D3A8AD9 /* Pods-TicketsUITests.release.xcconfig */ = {isa = PBXFileReference; includeInIndex = 1; lastKnownFileType = text.xcconfig; name = "Pods-TicketsUITests.release.xcconfig"; path = "Pods/Target Support Files/Pods-TicketsUITests/Pods-TicketsUITests.release.xcconfig"; sourceTree = "<group>"; };
/* End PBXFileReference section */

/* Begin PBXFrameworksBuildPhase section */
		45DFF1311CD338A2002C0814 /* Frameworks */ = {
			isa = PBXFrameworksBuildPhase;
			buildActionMask = 2147483647;
			files = (
				4564723A1D5EEC2300B0378B /* AFNetworking.framework in Frameworks */,
				4564723B1D5EEC2300B0378B /* CocoaSecurity.framework in Frameworks */,
				4564723C1D5EEC2300B0378B /* HappyDNS.framework in Frameworks */,
				4564723D1D5EEC2300B0378B /* Pods_TicketsTests.framework in Frameworks */,
				4564723E1D5EEC2300B0378B /* Pods_TicketsUITests.framework in Frameworks */,
				4564723F1D5EEC2300B0378B /* Qiniu.framework in Frameworks */,
				456472401D5EEC2300B0378B /* SDWebImage.framework in Frameworks */,
				456472411D5EEC2300B0378B /* SnapKit.framework in Frameworks */,
				456472421D5EEC2300B0378B /* SVProgressHUD.framework in Frameworks */,
				DCED3ABB53B9E22F858E73E5 /* Pods_Tickets.framework in Frameworks */,
			);
			runOnlyForDeploymentPostprocessing = 0;
		};
		45DFF1471CD338A2002C0814 /* Frameworks */ = {
			isa = PBXFrameworksBuildPhase;
			buildActionMask = 2147483647;
			files = (
				1E288A91BAA27576A6DEE91B /* Pods_TicketsTests.framework in Frameworks */,
			);
			runOnlyForDeploymentPostprocessing = 0;
		};
		45DFF1521CD338A2002C0814 /* Frameworks */ = {
			isa = PBXFrameworksBuildPhase;
			buildActionMask = 2147483647;
			files = (
				085E83B0A85A2FA45D95AEC2 /* Pods_TicketsUITests.framework in Frameworks */,
			);
			runOnlyForDeploymentPostprocessing = 0;
		};
/* End PBXFrameworksBuildPhase section */

/* Begin PBXGroup section */
		450EBC411CD8E86D004ADD37 /* Model */ = {
			isa = PBXGroup;
			children = (
				4569F04C1CDA4FBE009CA42F /* MFirstPageTableView.swift */,
				45118D231D0D89AD00B4E2E3 /* MCouponViewController.swift */,
			);
			path = Model;
			sourceTree = "<group>";
		};
		450EBC421CD8E86D004ADD37 /* View */ = {
			isa = PBXGroup;
			children = (
				456DB1841D2437E100B58FB4 /* TagViewInCouponDetailView.swift */,
				4569F0441CDA4ACC009CA42F /* FirstPageTableViewCell.swift */,
				4569F0451CDA4ACC009CA42F /* FirstPageTableViewCell.xib */,
				45F681381D0F05AC004C1433 /* CoponTableViewHeadView.swift */,
				45118D251D0D8BCB00B4E2E3 /* CoupnDescriptionsTableViewCell.swift */,
				45B83D411CD8EB9400F23E4F /* BannerInFirstPage.swift */,
				45118D211D0D876000B4E2E3 /* CouponTableView.swift */,
				4569F04A1CDA4B92009CA42F /* FirstPageTableView.swift */,
			);
			path = View;
			sourceTree = "<group>";
		};
		450EBC431CD8E86D004ADD37 /* ViewController */ = {
			isa = PBXGroup;
			children = (
				450EBC441CD8E86D004ADD37 /* FirstPageViewController.swift */,
				456AD7DC1CF5D8C9003E3563 /* CouponViewController.swift */,
			);
			path = ViewController;
			sourceTree = "<group>";
		};
		4525BDFE1CDB95F50065E6AE /* Model */ = {
			isa = PBXGroup;
			children = (
				4525BE051CDB96870065E6AE /* MDiscoveryUniversay.swift */,
			);
			path = Model;
			sourceTree = "<group>";
		};
		4525BDFF1CDB95F50065E6AE /* View */ = {
			isa = PBXGroup;
			children = (
				4525BE031CDB965A0065E6AE /* DiscoveryUniversalTableViewDataSource.swift */,
				4525BE071CDB96A30065E6AE /* DiscoveryUniversayTableViewCell.swift */,
				4525BE081CDB96A30065E6AE /* DiscoveryUniversayTableViewCell.xib */,
			);
			path = View;
			sourceTree = "<group>";
		};
		4525BE001CDB95F50065E6AE /* ViewController */ = {
			isa = PBXGroup;
			children = (
				4525BE011CDB95F50065E6AE /* DiscoveryViewController.swift */,
			);
			path = ViewController;
			sourceTree = "<group>";
		};
		45364BD91CE8BA850033B7D0 /* Model */ = {
			isa = PBXGroup;
			children = (
				45364BDA1CE8BA850033B7D0 /* UserModel.swift */,
				45D31E7D1D2AC2F80025A15D /* Order.swift */,
				45BAF7641D2C0CB0008CF270 /* MOrderDetailViewController.swift */,
				45BE1DBB1D2D598400E7851D /* MMineViewController.swift */,
			);
			path = Model;
			sourceTree = "<group>";
		};
		45364BDB1CE8BA850033B7D0 /* View */ = {
			isa = PBXGroup;
			children = (
				45364BE41CE8C4A30033B7D0 /* AvatarTableViewCell.swift */,
				45D31E791D2AB62C0025A15D /* OrderDetailTableView.swift */,
				45D31E7B1D2AB8240025A15D /* OrderDetailView.swift */,
				453235EE1D2EA2E10013359B /* MyCouponTableViewCell.swift */,
				453235EF1D2EA2E10013359B /* MyCouponTableViewCell.xib */,
			);
			path = View;
			sourceTree = "<group>";
		};
		45364BDC1CE8BA850033B7D0 /* ViewController */ = {
			isa = PBXGroup;
			children = (
				45662C721CF4B6BB005E0807 /* test.jpg */,
				45662C701CF4B399005E0807 /* IMG_7064.PNG */,
				45364BE01CE8BAF60033B7D0 /* MineViewController.swift */,
				45364BDE1CE8BADF0033B7D0 /* UserInforViewController.swift */,
				4567DDEB1D27FDE900AC7B2E /* OrderDetailViewController.swift */,
				45BE1DB91D2D434A00E7851D /* MyCouponListViewController.swift */,
			);
			path = ViewController;
			sourceTree = "<group>";
		};
		453975FF1D184E01003D6D20 /* Extension */ = {
			isa = PBXGroup;
			children = (
				453976001D184E48003D6D20 /* BtnExtension.swift */,
				453976011D184E48003D6D20 /* ColorExtension.swift */,
				456DB1821D2435BE00B58FB4 /* UILabelExtension.swift */,
			);
			path = Extension;
			sourceTree = "<group>";
		};
		456AD7E01CF5E47D003E3563 /* Supporting Files */ = {
			isa = PBXGroup;
			children = (
				456AD7E11CF5E4A3003E3563 /* Images.xcassets */,
			);
			path = "Supporting Files";
			sourceTree = "<group>";
		};
		456D14641CD39852005EE9E0 /* Discover */ = {
			isa = PBXGroup;
			children = (
				4525BDFE1CDB95F50065E6AE /* Model */,
				4525BDFF1CDB95F50065E6AE /* View */,
				4525BE001CDB95F50065E6AE /* ViewController */,
			);
			path = Discover;
			sourceTree = "<group>";
		};
		456D14651CD39852005EE9E0 /* FirstPage */ = {
			isa = PBXGroup;
			children = (
				450EBC411CD8E86D004ADD37 /* Model */,
				450EBC421CD8E86D004ADD37 /* View */,
				450EBC431CD8E86D004ADD37 /* ViewController */,
			);
			path = FirstPage;
			sourceTree = "<group>";
		};
		458A709C1CE21AAC00B76DA1 /* CommandRequest */ = {
			isa = PBXGroup;
			children = (
				4549AF7A1D1847E7008DD8C3 /* CodeRequest.swift */,
				4549AF7B1D1847E7008DD8C3 /* D3Json.swift */,
				4549AF7C1D1847E7008DD8C3 /* DatabaseUserDefaults.swift */,
				4549AF7D1D1847E7008DD8C3 /* DefineSwift.swift */,
				4549AF7E1D1847E7008DD8C3 /* HelpFromOc.h */,
				4549AF7F1D1847E7008DD8C3 /* HelpFromOc.m */,
				4549AF801D1847E7008DD8C3 /* ImgDownloadQueen.swift */,
				4549AF811D1847E7008DD8C3 /* MCommandRequest.swift */,
				4549AF821D1847E7008DD8C3 /* MUpToFile.swift */,
				4549AF831D1847E7008DD8C3 /* NZZCheckingOfInput.h */,
				4549AF841D1847E7008DD8C3 /* NZZCheckingOfInput.m */,
				4549AF851D1847E7008DD8C3 /* TopModel.swift */,
			);
			path = CommandRequest;
			sourceTree = "<group>";
		};
		458DBC431CD5A197001F45B0 /* ThirdPartySDK */ = {
			isa = PBXGroup;
			children = (
				458DBC441CD5A197001F45B0 /* Alamofire2.0 */,
			);
			path = ThirdPartySDK;
			sourceTree = "<group>";
		};
		458DBC441CD5A197001F45B0 /* Alamofire2.0 */ = {
			isa = PBXGroup;
			children = (
				458DBC451CD5A197001F45B0 /* Alamofire.h */,
				458DBC461CD5A197001F45B0 /* Alamofire.swift */,
				458DBC471CD5A197001F45B0 /* Download.swift */,
				458DBC481CD5A197001F45B0 /* Error.swift */,
				458DBC491CD5A197001F45B0 /* Info.plist */,
				458DBC4A1CD5A197001F45B0 /* Manager.swift */,
				458DBC4B1CD5A197001F45B0 /* MultipartFormData.swift */,
				458DBC4C1CD5A197001F45B0 /* ParameterEncoding.swift */,
				458DBC4D1CD5A197001F45B0 /* Request.swift */,
				458DBC4E1CD5A197001F45B0 /* ResponseSerialization.swift */,
				458DBC4F1CD5A197001F45B0 /* Result.swift */,
				458DBC501CD5A197001F45B0 /* ServerTrustPolicy.swift */,
				458DBC511CD5A197001F45B0 /* Stream.swift */,
				458DBC521CD5A197001F45B0 /* Upload.swift */,
				458DBC531CD5A197001F45B0 /* Validation.swift */,
			);
			path = Alamofire2.0;
			sourceTree = "<group>";
		};
		45DFF12B1CD338A2002C0814 = {
			isa = PBXGroup;
			children = (
				45DFF1361CD338A2002C0814 /* Tickets */,
				45DFF14D1CD338A2002C0814 /* TicketsTests */,
				45DFF1581CD338A2002C0814 /* TicketsUITests */,
				45DFF1351CD338A2002C0814 /* Products */,
				C403FE94698A7C8EC9D6D429 /* Pods */,
				A0E28B3C9EBC71C4E2085AE6 /* Frameworks */,
				456AD7E01CF5E47D003E3563 /* Supporting Files */,
			);
			sourceTree = "<group>";
		};
		45DFF1351CD338A2002C0814 /* Products */ = {
			isa = PBXGroup;
			children = (
				45DFF1341CD338A2002C0814 /* Tickets.app */,
				45DFF14A1CD338A2002C0814 /* TicketsTests.xctest */,
				45DFF1551CD338A2002C0814 /* TicketsUITests.xctest */,
			);
			name = Products;
			sourceTree = "<group>";
		};
		45DFF1361CD338A2002C0814 /* Tickets */ = {
			isa = PBXGroup;
			children = (
				453975FF1D184E01003D6D20 /* Extension */,
				456AD7DA1CF5D6D0003E3563 /* HWJNavControllerViewController.swift */,
				458DBC431CD5A197001F45B0 /* ThirdPartySDK */,
				458A709C1CE21AAC00B76DA1 /* CommandRequest */,
				45DFF1671CD33A26002C0814 /* LoginAndRegist */,
				45DFF1681CD33A26002C0814 /* MainTabbar */,
				456472301D5EE94700B0378B /* Tickets-Bridging-Header.h */,
				45DFF1371CD338A2002C0814 /* AppDelegate.swift */,
				45DFF13D1CD338A2002C0814 /* MainTabBar.storyboard */,
				45DFF1421CD338A2002C0814 /* LaunchScreen.storyboard */,
				45DFF1451CD338A2002C0814 /* Info.plist */,
				45DFF16E1CD33CDA002C0814 /* TKConfig.swift */,
				45FD9DFE1D1C4A65002503C0 /* UniversialWebViewViewController.swift */,
			);
			path = Tickets;
			sourceTree = "<group>";
		};
		45DFF14D1CD338A2002C0814 /* TicketsTests */ = {
			isa = PBXGroup;
			children = (
				45DFF14E1CD338A2002C0814 /* TicketsTests.swift */,
				45DFF1501CD338A2002C0814 /* Info.plist */,
			);
			path = TicketsTests;
			sourceTree = "<group>";
		};
		45DFF1581CD338A2002C0814 /* TicketsUITests */ = {
			isa = PBXGroup;
			children = (
				45DFF1591CD338A2002C0814 /* TicketsUITests.swift */,
				45DFF15B1CD338A2002C0814 /* Info.plist */,
			);
			path = TicketsUITests;
			sourceTree = "<group>";
		};
		45DFF1671CD33A26002C0814 /* LoginAndRegist */ = {
			isa = PBXGroup;
			children = (
				457CE56D1CD3957700D3BA05 /* LoginViewController.swift */,
				4573A3AE1CDF99F2008A2C00 /* RegstViewController.swift */,
				456AD7D81CF5D3C6003E3563 /* LoginNeedViewController.swift */,
				457CE56F1CD3959000D3BA05 /* LoginAndRegist.storyboard */,
			);
			path = LoginAndRegist;
			sourceTree = "<group>";
		};
		45DFF1681CD33A26002C0814 /* MainTabbar */ = {
			isa = PBXGroup;
			children = (
				456D14651CD39852005EE9E0 /* FirstPage */,
				456D14641CD39852005EE9E0 /* Discover */,
				45DFF1711CD33E32002C0814 /* Mine */,
				45DFF1691CD33A4C002C0814 /* MainTabbar.swift */,
			);
			path = MainTabbar;
			sourceTree = "<group>";
		};
		45DFF1711CD33E32002C0814 /* Mine */ = {
			isa = PBXGroup;
			children = (
				45364BD91CE8BA850033B7D0 /* Model */,
				45364BDB1CE8BA850033B7D0 /* View */,
				45364BDC1CE8BA850033B7D0 /* ViewController */,
			);
			path = Mine;
			sourceTree = "<group>";
		};
		A0E28B3C9EBC71C4E2085AE6 /* Frameworks */ = {
			isa = PBXGroup;
			children = (
				456472311D5EEC2300B0378B /* AFNetworking.framework */,
				456472321D5EEC2300B0378B /* CocoaSecurity.framework */,
				456472331D5EEC2300B0378B /* HappyDNS.framework */,
				456472341D5EEC2300B0378B /* Pods_TicketsTests.framework */,
				456472351D5EEC2300B0378B /* Pods_TicketsUITests.framework */,
				456472361D5EEC2300B0378B /* Qiniu.framework */,
				456472371D5EEC2300B0378B /* SDWebImage.framework */,
				456472381D5EEC2300B0378B /* SnapKit.framework */,
				456472391D5EEC2300B0378B /* SVProgressHUD.framework */,
				9F8A775F9EA81998ED7C1C6E /* Pods_Tickets.framework */,
				C5AA834AD338BFC5F8D8516E /* Pods_TicketsTests.framework */,
				04EC4F56763EE6FA09ABE202 /* Pods_TicketsUITests.framework */,
			);
			name = Frameworks;
			sourceTree = "<group>";
		};
		C403FE94698A7C8EC9D6D429 /* Pods */ = {
			isa = PBXGroup;
			children = (
				B52E0F0EB1F8BCF646052CE1 /* Pods-Tickets.debug.xcconfig */,
				247381EA7D8954918FB8ED33 /* Pods-Tickets.release.xcconfig */,
				647311BDA3801DDD321E95B4 /* Pods-TicketsTests.debug.xcconfig */,
				65F74A5BA1EE5F70E0DAD110 /* Pods-TicketsTests.release.xcconfig */,
				1CB78B838E61DECE94EA2C51 /* Pods-TicketsUITests.debug.xcconfig */,
				E33D581155A281DF8D3A8AD9 /* Pods-TicketsUITests.release.xcconfig */,
			);
			name = Pods;
			sourceTree = "<group>";
		};
/* End PBXGroup section */

/* Begin PBXNativeTarget section */
		45DFF1331CD338A2002C0814 /* Tickets */ = {
			isa = PBXNativeTarget;
			buildConfigurationList = 45DFF15E1CD338A2002C0814 /* Build configuration list for PBXNativeTarget "Tickets" */;
			buildPhases = (
				F3BC11B0DDA6C355475F88FD /* [CP] Check Pods Manifest.lock */,
				45DFF1301CD338A2002C0814 /* Sources */,
				45DFF1311CD338A2002C0814 /* Frameworks */,
				45DFF1321CD338A2002C0814 /* Resources */,
				E7EE9447D4F1EC64F15B982E /* [CP] Embed Pods Frameworks */,
				2B84227E985100F8F9062870 /* [CP] Copy Pods Resources */,
			);
			buildRules = (
			);
			dependencies = (
			);
			name = Tickets;
			productName = Tickets;
			productReference = 45DFF1341CD338A2002C0814 /* Tickets.app */;
			productType = "com.apple.product-type.application";
		};
		45DFF1491CD338A2002C0814 /* TicketsTests */ = {
			isa = PBXNativeTarget;
			buildConfigurationList = 45DFF1611CD338A2002C0814 /* Build configuration list for PBXNativeTarget "TicketsTests" */;
			buildPhases = (
				DE312EDFDCB69DDF5BAF01D0 /* [CP] Check Pods Manifest.lock */,
				45DFF1461CD338A2002C0814 /* Sources */,
				45DFF1471CD338A2002C0814 /* Frameworks */,
				45DFF1481CD338A2002C0814 /* Resources */,
				D082F891BFA071DD319526BF /* [CP] Embed Pods Frameworks */,
				CB4F331959954E05DE4D395A /* [CP] Copy Pods Resources */,
			);
			buildRules = (
			);
			dependencies = (
				45DFF14C1CD338A2002C0814 /* PBXTargetDependency */,
			);
			name = TicketsTests;
			productName = TicketsTests;
			productReference = 45DFF14A1CD338A2002C0814 /* TicketsTests.xctest */;
			productType = "com.apple.product-type.bundle.unit-test";
		};
		45DFF1541CD338A2002C0814 /* TicketsUITests */ = {
			isa = PBXNativeTarget;
			buildConfigurationList = 45DFF1641CD338A2002C0814 /* Build configuration list for PBXNativeTarget "TicketsUITests" */;
			buildPhases = (
				A80D721232809427751E79BA /* [CP] Check Pods Manifest.lock */,
				45DFF1511CD338A2002C0814 /* Sources */,
				45DFF1521CD338A2002C0814 /* Frameworks */,
				45DFF1531CD338A2002C0814 /* Resources */,
				8368199622CC1A64CB8485C6 /* [CP] Copy Pods Resources */,
			);
			buildRules = (
			);
			dependencies = (
				45DFF1571CD338A2002C0814 /* PBXTargetDependency */,
			);
			name = TicketsUITests;
			productName = TicketsUITests;
			productReference = 45DFF1551CD338A2002C0814 /* TicketsUITests.xctest */;
			productType = "com.apple.product-type.bundle.ui-testing";
		};
/* End PBXNativeTarget section */

/* Begin PBXProject section */
		45DFF12C1CD338A2002C0814 /* Project object */ = {
			isa = PBXProject;
			attributes = {
				LastSwiftUpdateCheck = 0730;
				LastUpgradeCheck = 0730;
				ORGANIZATIONNAME = ai966669;
				TargetAttributes = {
					45DFF1331CD338A2002C0814 = {
						CreatedOnToolsVersion = 7.3;
						DevelopmentTeam = ZM7596U25B;
					};
					45DFF1491CD338A2002C0814 = {
						CreatedOnToolsVersion = 7.3;
						TestTargetID = 45DFF1331CD338A2002C0814;
					};
					45DFF1541CD338A2002C0814 = {
						CreatedOnToolsVersion = 7.3;
						TestTargetID = 45DFF1331CD338A2002C0814;
					};
				};
			};
			buildConfigurationList = 45DFF12F1CD338A2002C0814 /* Build configuration list for PBXProject "Tickets" */;
			compatibilityVersion = "Xcode 3.2";
			developmentRegion = English;
			hasScannedForEncodings = 0;
			knownRegions = (
				en,
				Base,
			);
			mainGroup = 45DFF12B1CD338A2002C0814;
			productRefGroup = 45DFF1351CD338A2002C0814 /* Products */;
			projectDirPath = "";
			projectRoot = "";
			targets = (
				45DFF1331CD338A2002C0814 /* Tickets */,
				45DFF1491CD338A2002C0814 /* TicketsTests */,
				45DFF1541CD338A2002C0814 /* TicketsUITests */,
			);
		};
/* End PBXProject section */

/* Begin PBXResourcesBuildPhase section */
		45DFF1321CD338A2002C0814 /* Resources */ = {
			isa = PBXResourcesBuildPhase;
			buildActionMask = 2147483647;
			files = (
				45662C731CF4B6BB005E0807 /* test.jpg in Resources */,
				45DFF1441CD338A2002C0814 /* LaunchScreen.storyboard in Resources */,
				457CE5701CD3959000D3BA05 /* LoginAndRegist.storyboard in Resources */,
				4569F0471CDA4ACC009CA42F /* FirstPageTableViewCell.xib in Resources */,
				456AD7E21CF5E4A3003E3563 /* Images.xcassets in Resources */,
				458DBC571CD5A197001F45B0 /* Info.plist in Resources */,
				45662C711CF4B399005E0807 /* IMG_7064.PNG in Resources */,
				4525BE0A1CDB96A30065E6AE /* DiscoveryUniversayTableViewCell.xib in Resources */,
				45DFF13F1CD338A2002C0814 /* MainTabBar.storyboard in Resources */,
				453235F11D2EA2E10013359B /* MyCouponTableViewCell.xib in Resources */,
			);
			runOnlyForDeploymentPostprocessing = 0;
		};
		45DFF1481CD338A2002C0814 /* Resources */ = {
			isa = PBXResourcesBuildPhase;
			buildActionMask = 2147483647;
			files = (
			);
			runOnlyForDeploymentPostprocessing = 0;
		};
		45DFF1531CD338A2002C0814 /* Resources */ = {
			isa = PBXResourcesBuildPhase;
			buildActionMask = 2147483647;
			files = (
			);
			runOnlyForDeploymentPostprocessing = 0;
		};
/* End PBXResourcesBuildPhase section */

/* Begin PBXShellScriptBuildPhase section */
		2B84227E985100F8F9062870 /* [CP] Copy Pods Resources */ = {
			isa = PBXShellScriptBuildPhase;
			buildActionMask = 2147483647;
			files = (
			);
			inputPaths = (
			);
			name = "[CP] Copy Pods Resources";
			outputPaths = (
			);
			runOnlyForDeploymentPostprocessing = 0;
			shellPath = /bin/sh;
			shellScript = "\"${SRCROOT}/Pods/Target Support Files/Pods-Tickets/Pods-Tickets-resources.sh\"\n";
			showEnvVarsInLog = 0;
		};
		8368199622CC1A64CB8485C6 /* [CP] Copy Pods Resources */ = {
			isa = PBXShellScriptBuildPhase;
			buildActionMask = 2147483647;
			files = (
			);
			inputPaths = (
			);
			name = "[CP] Copy Pods Resources";
			outputPaths = (
			);
			runOnlyForDeploymentPostprocessing = 0;
			shellPath = /bin/sh;
			shellScript = "\"${SRCROOT}/Pods/Target Support Files/Pods-TicketsUITests/Pods-TicketsUITests-resources.sh\"\n";
			showEnvVarsInLog = 0;
		};
		A80D721232809427751E79BA /* [CP] Check Pods Manifest.lock */ = {
			isa = PBXShellScriptBuildPhase;
			buildActionMask = 2147483647;
			files = (
			);
			inputPaths = (
			);
			name = "[CP] Check Pods Manifest.lock";
			outputPaths = (
			);
			runOnlyForDeploymentPostprocessing = 0;
			shellPath = /bin/sh;
			shellScript = "diff \"${PODS_ROOT}/../Podfile.lock\" \"${PODS_ROOT}/Manifest.lock\" > /dev/null\nif [[ $? != 0 ]] ; then\n    cat << EOM\nerror: The sandbox is not in sync with the Podfile.lock. Run 'pod install' or update your CocoaPods installation.\nEOM\n    exit 1\nfi\n";
			showEnvVarsInLog = 0;
		};
		CB4F331959954E05DE4D395A /* [CP] Copy Pods Resources */ = {
			isa = PBXShellScriptBuildPhase;
			buildActionMask = 2147483647;
			files = (
			);
			inputPaths = (
			);
			name = "[CP] Copy Pods Resources";
			outputPaths = (
			);
			runOnlyForDeploymentPostprocessing = 0;
			shellPath = /bin/sh;
			shellScript = "\"${SRCROOT}/Pods/Target Support Files/Pods-TicketsTests/Pods-TicketsTests-resources.sh\"\n";
			showEnvVarsInLog = 0;
		};
		D082F891BFA071DD319526BF /* [CP] Embed Pods Frameworks */ = {
			isa = PBXShellScriptBuildPhase;
			buildActionMask = 2147483647;
			files = (
			);
			inputPaths = (
			);
			name = "[CP] Embed Pods Frameworks";
			outputPaths = (
			);
			runOnlyForDeploymentPostprocessing = 0;
			shellPath = /bin/sh;
			shellScript = "\"${SRCROOT}/Pods/Target Support Files/Pods-TicketsTests/Pods-TicketsTests-frameworks.sh\"\n";
			showEnvVarsInLog = 0;
		};
		DE312EDFDCB69DDF5BAF01D0 /* [CP] Check Pods Manifest.lock */ = {
			isa = PBXShellScriptBuildPhase;
			buildActionMask = 2147483647;
			files = (
			);
			inputPaths = (
			);
			name = "[CP] Check Pods Manifest.lock";
			outputPaths = (
			);
			runOnlyForDeploymentPostprocessing = 0;
			shellPath = /bin/sh;
			shellScript = "diff \"${PODS_ROOT}/../Podfile.lock\" \"${PODS_ROOT}/Manifest.lock\" > /dev/null\nif [[ $? != 0 ]] ; then\n    cat << EOM\nerror: The sandbox is not in sync with the Podfile.lock. Run 'pod install' or update your CocoaPods installation.\nEOM\n    exit 1\nfi\n";
			showEnvVarsInLog = 0;
		};
		E7EE9447D4F1EC64F15B982E /* [CP] Embed Pods Frameworks */ = {
			isa = PBXShellScriptBuildPhase;
			buildActionMask = 2147483647;
			files = (
			);
			inputPaths = (
			);
			name = "[CP] Embed Pods Frameworks";
			outputPaths = (
			);
			runOnlyForDeploymentPostprocessing = 0;
			shellPath = /bin/sh;
			shellScript = "\"${SRCROOT}/Pods/Target Support Files/Pods-Tickets/Pods-Tickets-frameworks.sh\"\n";
			showEnvVarsInLog = 0;
		};
		F3BC11B0DDA6C355475F88FD /* [CP] Check Pods Manifest.lock */ = {
			isa = PBXShellScriptBuildPhase;
			buildActionMask = 2147483647;
			files = (
			);
			inputPaths = (
			);
			name = "[CP] Check Pods Manifest.lock";
			outputPaths = (
			);
			runOnlyForDeploymentPostprocessing = 0;
			shellPath = /bin/sh;
			shellScript = "diff \"${PODS_ROOT}/../Podfile.lock\" \"${PODS_ROOT}/Manifest.lock\" > /dev/null\nif [[ $? != 0 ]] ; then\n    cat << EOM\nerror: The sandbox is not in sync with the Podfile.lock. Run 'pod install' or update your CocoaPods installation.\nEOM\n    exit 1\nfi\n";
			showEnvVarsInLog = 0;
		};
/* End PBXShellScriptBuildPhase section */

/* Begin PBXSourcesBuildPhase section */
		45DFF1301CD338A2002C0814 /* Sources */ = {
			isa = PBXSourcesBuildPhase;
			buildActionMask = 2147483647;
			files = (
				45DFF16A1CD33A4C002C0814 /* MainTabbar.swift in Sources */,
				4525BE091CDB96A30065E6AE /* DiscoveryUniversayTableViewCell.swift in Sources */,
				4569F04D1CDA4FBE009CA42F /* MFirstPageTableView.swift in Sources */,
				45D31E7E1D2AC2F80025A15D /* Order.swift in Sources */,
				45DFF1381CD338A2002C0814 /* AppDelegate.swift in Sources */,
				458DBC5D1CD5A197001F45B0 /* Result.swift in Sources */,
				4569F0461CDA4ACC009CA42F /* FirstPageTableViewCell.swift in Sources */,
				453976031D184E48003D6D20 /* ColorExtension.swift in Sources */,
				4569F04B1CDA4B92009CA42F /* FirstPageTableView.swift in Sources */,
				45BE1DBC1D2D598400E7851D /* MMineViewController.swift in Sources */,
				45B83D421CD8EB9400F23E4F /* BannerInFirstPage.swift in Sources */,
				458DBC561CD5A197001F45B0 /* Error.swift in Sources */,
				45FD9DFF1D1C4A65002503C0 /* UniversialWebViewViewController.swift in Sources */,
				4549AF891D1847E7008DD8C3 /* DatabaseUserDefaults.swift in Sources */,
				456DB1831D2435BE00B58FB4 /* UILabelExtension.swift in Sources */,
				456AD7DB1CF5D6D0003E3563 /* HWJNavControllerViewController.swift in Sources */,
				45118D221D0D876000B4E2E3 /* CouponTableView.swift in Sources */,
				4549AF901D1847E7008DD8C3 /* TopModel.swift in Sources */,
				45364BDF1CE8BADF0033B7D0 /* UserInforViewController.swift in Sources */,
				4549AF8B1D1847E7008DD8C3 /* HelpFromOc.m in Sources */,
				45DFF16F1CD33CDA002C0814 /* TKConfig.swift in Sources */,
				4525BE061CDB96870065E6AE /* MDiscoveryUniversay.swift in Sources */,
				45364BDD1CE8BA850033B7D0 /* UserModel.swift in Sources */,
				45364BE11CE8BAF60033B7D0 /* MineViewController.swift in Sources */,
				458DBC5E1CD5A197001F45B0 /* ServerTrustPolicy.swift in Sources */,
				4549AF881D1847E7008DD8C3 /* D3Json.swift in Sources */,
				4549AF8A1D1847E7008DD8C3 /* DefineSwift.swift in Sources */,
				4549AF8C1D1847E7008DD8C3 /* ImgDownloadQueen.swift in Sources */,
				45D31E7C1D2AB8240025A15D /* OrderDetailView.swift in Sources */,
				4573A3AF1CDF99F2008A2C00 /* RegstViewController.swift in Sources */,
				458DBC5B1CD5A197001F45B0 /* Request.swift in Sources */,
				453976021D184E48003D6D20 /* BtnExtension.swift in Sources */,
				4525BE041CDB965A0065E6AE /* DiscoveryUniversalTableViewDataSource.swift in Sources */,
				457CE56E1CD3957700D3BA05 /* LoginViewController.swift in Sources */,
				456DB1851D2437E100B58FB4 /* TagViewInCouponDetailView.swift in Sources */,
				456AD7D91CF5D3C6003E3563 /* LoginNeedViewController.swift in Sources */,
				45118D261D0D8BCB00B4E2E3 /* CoupnDescriptionsTableViewCell.swift in Sources */,
				456AD7DE1CF5D8C9003E3563 /* CouponViewController.swift in Sources */,
				453235F01D2EA2E10013359B /* MyCouponTableViewCell.swift in Sources */,
				4549AF8F1D1847E7008DD8C3 /* NZZCheckingOfInput.m in Sources */,
				4567DDED1D27FDE900AC7B2E /* OrderDetailViewController.swift in Sources */,
				4549AF8E1D1847E7008DD8C3 /* MUpToFile.swift in Sources */,
				450EBC451CD8E86D004ADD37 /* FirstPageViewController.swift in Sources */,
				458DBC611CD5A197001F45B0 /* Validation.swift in Sources */,
				45BAF7651D2C0CB0008CF270 /* MOrderDetailViewController.swift in Sources */,
				45BE1DBA1D2D434A00E7851D /* MyCouponListViewController.swift in Sources */,
				45F681391D0F05AC004C1433 /* CoponTableViewHeadView.swift in Sources */,
				4549AF871D1847E7008DD8C3 /* CodeRequest.swift in Sources */,
				458DBC591CD5A197001F45B0 /* MultipartFormData.swift in Sources */,
				4525BE021CDB95F50065E6AE /* DiscoveryViewController.swift in Sources */,
				458DBC5F1CD5A197001F45B0 /* Stream.swift in Sources */,
				458DBC5A1CD5A197001F45B0 /* ParameterEncoding.swift in Sources */,
				45118D241D0D89AD00B4E2E3 /* MCouponViewController.swift in Sources */,
				458DBC541CD5A197001F45B0 /* Alamofire.swift in Sources */,
				458DBC601CD5A197001F45B0 /* Upload.swift in Sources */,
				45364BE61CE8C4A30033B7D0 /* AvatarTableViewCell.swift in Sources */,
				458DBC5C1CD5A197001F45B0 /* ResponseSerialization.swift in Sources */,
				458DBC551CD5A197001F45B0 /* Download.swift in Sources */,
				45D31E7A1D2AB62C0025A15D /* OrderDetailTableView.swift in Sources */,
				458DBC581CD5A197001F45B0 /* Manager.swift in Sources */,
				4549AF8D1D1847E7008DD8C3 /* MCommandRequest.swift in Sources */,
			);
			runOnlyForDeploymentPostprocessing = 0;
		};
		45DFF1461CD338A2002C0814 /* Sources */ = {
			isa = PBXSourcesBuildPhase;
			buildActionMask = 2147483647;
			files = (
				45DFF14F1CD338A2002C0814 /* TicketsTests.swift in Sources */,
			);
			runOnlyForDeploymentPostprocessing = 0;
		};
		45DFF1511CD338A2002C0814 /* Sources */ = {
			isa = PBXSourcesBuildPhase;
			buildActionMask = 2147483647;
			files = (
				45DFF15A1CD338A2002C0814 /* TicketsUITests.swift in Sources */,
			);
			runOnlyForDeploymentPostprocessing = 0;
		};
/* End PBXSourcesBuildPhase section */

/* Begin PBXTargetDependency section */
		45DFF14C1CD338A2002C0814 /* PBXTargetDependency */ = {
			isa = PBXTargetDependency;
			target = 45DFF1331CD338A2002C0814 /* Tickets */;
			targetProxy = 45DFF14B1CD338A2002C0814 /* PBXContainerItemProxy */;
		};
		45DFF1571CD338A2002C0814 /* PBXTargetDependency */ = {
			isa = PBXTargetDependency;
			target = 45DFF1331CD338A2002C0814 /* Tickets */;
			targetProxy = 45DFF1561CD338A2002C0814 /* PBXContainerItemProxy */;
		};
/* End PBXTargetDependency section */

/* Begin PBXVariantGroup section */
		45DFF13D1CD338A2002C0814 /* MainTabBar.storyboard */ = {
			isa = PBXVariantGroup;
			children = (
				45DFF13E1CD338A2002C0814 /* Base */,
			);
			name = MainTabBar.storyboard;
			sourceTree = "<group>";
		};
		45DFF1421CD338A2002C0814 /* LaunchScreen.storyboard */ = {
			isa = PBXVariantGroup;
			children = (
				45DFF1431CD338A2002C0814 /* Base */,
			);
			name = LaunchScreen.storyboard;
			sourceTree = "<group>";
		};
/* End PBXVariantGroup section */

/* Begin XCBuildConfiguration section */
		45DFF15C1CD338A2002C0814 /* Debug */ = {
			isa = XCBuildConfiguration;
			buildSettings = {
				ALWAYS_SEARCH_USER_PATHS = NO;
				CLANG_ANALYZER_NONNULL = YES;
				CLANG_CXX_LANGUAGE_STANDARD = "gnu++0x";
				CLANG_CXX_LIBRARY = "libc++";
				CLANG_ENABLE_MODULES = YES;
				CLANG_ENABLE_OBJC_ARC = YES;
				CLANG_WARN_BOOL_CONVERSION = YES;
				CLANG_WARN_CONSTANT_CONVERSION = YES;
				CLANG_WARN_DIRECT_OBJC_ISA_USAGE = YES_ERROR;
				CLANG_WARN_EMPTY_BODY = YES;
				CLANG_WARN_ENUM_CONVERSION = YES;
				CLANG_WARN_INT_CONVERSION = YES;
				CLANG_WARN_OBJC_ROOT_CLASS = YES_ERROR;
				CLANG_WARN_UNREACHABLE_CODE = YES;
				CLANG_WARN__DUPLICATE_METHOD_MATCH = YES;
				"CODE_SIGN_IDENTITY[sdk=iphoneos*]" = "iPhone Developer";
				COPY_PHASE_STRIP = NO;
				DEBUG_INFORMATION_FORMAT = dwarf;
				ENABLE_STRICT_OBJC_MSGSEND = YES;
				ENABLE_TESTABILITY = YES;
				GCC_C_LANGUAGE_STANDARD = gnu99;
				GCC_DYNAMIC_NO_PIC = NO;
				GCC_NO_COMMON_BLOCKS = YES;
				GCC_OPTIMIZATION_LEVEL = 0;
				GCC_PREPROCESSOR_DEFINITIONS = (
					"DEBUG=1",
					"$(inherited)",
				);
				GCC_WARN_64_TO_32_BIT_CONVERSION = YES;
				GCC_WARN_ABOUT_RETURN_TYPE = YES_ERROR;
				GCC_WARN_UNDECLARED_SELECTOR = YES;
				GCC_WARN_UNINITIALIZED_AUTOS = YES_AGGRESSIVE;
				GCC_WARN_UNUSED_FUNCTION = YES;
				GCC_WARN_UNUSED_VARIABLE = YES;
				IPHONEOS_DEPLOYMENT_TARGET = 9.3;
				MTL_ENABLE_DEBUG_INFO = YES;
				ONLY_ACTIVE_ARCH = YES;
				SDKROOT = iphoneos;
				SWIFT_OPTIMIZATION_LEVEL = "-Onone";
				TARGETED_DEVICE_FAMILY = "1,2";
			};
			name = Debug;
		};
		45DFF15D1CD338A2002C0814 /* Release */ = {
			isa = XCBuildConfiguration;
			buildSettings = {
				ALWAYS_SEARCH_USER_PATHS = NO;
				CLANG_ANALYZER_NONNULL = YES;
				CLANG_CXX_LANGUAGE_STANDARD = "gnu++0x";
				CLANG_CXX_LIBRARY = "libc++";
				CLANG_ENABLE_MODULES = YES;
				CLANG_ENABLE_OBJC_ARC = YES;
				CLANG_WARN_BOOL_CONVERSION = YES;
				CLANG_WARN_CONSTANT_CONVERSION = YES;
				CLANG_WARN_DIRECT_OBJC_ISA_USAGE = YES_ERROR;
				CLANG_WARN_EMPTY_BODY = YES;
				CLANG_WARN_ENUM_CONVERSION = YES;
				CLANG_WARN_INT_CONVERSION = YES;
				CLANG_WARN_OBJC_ROOT_CLASS = YES_ERROR;
				CLANG_WARN_UNREACHABLE_CODE = YES;
				CLANG_WARN__DUPLICATE_METHOD_MATCH = YES;
				"CODE_SIGN_IDENTITY[sdk=iphoneos*]" = "iPhone Developer";
				COPY_PHASE_STRIP = NO;
				DEBUG_INFORMATION_FORMAT = "dwarf-with-dsym";
				ENABLE_NS_ASSERTIONS = NO;
				ENABLE_STRICT_OBJC_MSGSEND = YES;
				GCC_C_LANGUAGE_STANDARD = gnu99;
				GCC_NO_COMMON_BLOCKS = YES;
				GCC_WARN_64_TO_32_BIT_CONVERSION = YES;
				GCC_WARN_ABOUT_RETURN_TYPE = YES_ERROR;
				GCC_WARN_UNDECLARED_SELECTOR = YES;
				GCC_WARN_UNINITIALIZED_AUTOS = YES_AGGRESSIVE;
				GCC_WARN_UNUSED_FUNCTION = YES;
				GCC_WARN_UNUSED_VARIABLE = YES;
				IPHONEOS_DEPLOYMENT_TARGET = 9.3;
				MTL_ENABLE_DEBUG_INFO = NO;
				SDKROOT = iphoneos;
				TARGETED_DEVICE_FAMILY = "1,2";
				VALIDATE_PRODUCT = YES;
			};
			name = Release;
		};
		45DFF15F1CD338A2002C0814 /* Debug */ = {
			isa = XCBuildConfiguration;
			baseConfigurationReference = B52E0F0EB1F8BCF646052CE1 /* Pods-Tickets.debug.xcconfig */;
			buildSettings = {
				ASSETCATALOG_COMPILER_APPICON_NAME = AppIcon;
				CLANG_ENABLE_MODULES = YES;
				CODE_SIGN_IDENTITY = "iPhone Developer";
				"CODE_SIGN_IDENTITY[sdk=iphoneos*]" = "iPhone Developer";
				EMBEDDED_CONTENT_CONTAINS_SWIFT = YES;
				FRAMEWORK_SEARCH_PATHS = (
					"$(inherited)",
					"$(PROJECT_DIR)",
					"$(PROJECT_DIR)/build/Debug-iphoneos",
				);
				INFOPLIST_FILE = Tickets/Info.plist;
				IPHONEOS_DEPLOYMENT_TARGET = 8.1;
				LD_RUNPATH_SEARCH_PATHS = "$(inherited) @executable_path/Frameworks";
				PRODUCT_BUNDLE_IDENTIFIER = com.nifeng.moretred0808;
				PRODUCT_NAME = "$(TARGET_NAME)";
				PROVISIONING_PROFILE = "7175e356-96b8-4056-a24c-16da507ce887";
				SWIFT_OBJC_BRIDGING_HEADER = "/Users/ai966669/Desktop/dream/理财/ticket/Tickets/Tickets-Bridging-Header.h";
				SWIFT_OPTIMIZATION_LEVEL = "-Onone";
				TARGETED_DEVICE_FAMILY = 1;
				"USER_HEADER_SEARCH_PATHS[arch=*]" = "${SRCROOT}";
			};
			name = Debug;
		};
		45DFF1601CD338A2002C0814 /* Release */ = {
			isa = XCBuildConfiguration;
			baseConfigurationReference = 247381EA7D8954918FB8ED33 /* Pods-Tickets.release.xcconfig */;
			buildSettings = {
				ASSETCATALOG_COMPILER_APPICON_NAME = AppIcon;
				CLANG_ENABLE_MODULES = YES;
				CODE_SIGN_IDENTITY = "iPhone Developer";
				"CODE_SIGN_IDENTITY[sdk=iphoneos*]" = "iPhone Developer";
				EMBEDDED_CONTENT_CONTAINS_SWIFT = YES;
				FRAMEWORK_SEARCH_PATHS = (
					"$(inherited)",
					"$(PROJECT_DIR)",
					"$(PROJECT_DIR)/build/Debug-iphoneos",
				);
				INFOPLIST_FILE = Tickets/Info.plist;
				IPHONEOS_DEPLOYMENT_TARGET = 8.1;
				LD_RUNPATH_SEARCH_PATHS = "$(inherited) @executable_path/Frameworks";
				PRODUCT_BUNDLE_IDENTIFIER = com.nifeng.moretred0808;
				PRODUCT_NAME = "$(TARGET_NAME)";
				PROVISIONING_PROFILE = "782793be-775f-41c1-b9cf-35078c72458f";
				SWIFT_OBJC_BRIDGING_HEADER = "/Users/ai966669/Desktop/dream/理财/ticket/Tickets/Tickets-Bridging-Header.h";
				TARGETED_DEVICE_FAMILY = 1;
				"USER_HEADER_SEARCH_PATHS[arch=*]" = "${SRCROOT}";
			};
			name = Release;
		};
		45DFF1621CD338A2002C0814 /* Debug */ = {
			isa = XCBuildConfiguration;
			baseConfigurationReference = 647311BDA3801DDD321E95B4 /* Pods-TicketsTests.debug.xcconfig */;
			buildSettings = {
				BUNDLE_LOADER = "$(TEST_HOST)";
				INFOPLIST_FILE = TicketsTests/Info.plist;
				LD_RUNPATH_SEARCH_PATHS = "$(inherited) @executable_path/Frameworks @loader_path/Frameworks";
				PRODUCT_BUNDLE_IDENTIFIER = com.nifeng.TicketsTests;
				PRODUCT_NAME = "$(TARGET_NAME)";
				TEST_HOST = "$(BUILT_PRODUCTS_DIR)/Tickets.app/Tickets";
			};
			name = Debug;
		};
		45DFF1631CD338A2002C0814 /* Release */ = {
			isa = XCBuildConfiguration;
			baseConfigurationReference = 65F74A5BA1EE5F70E0DAD110 /* Pods-TicketsTests.release.xcconfig */;
			buildSettings = {
				BUNDLE_LOADER = "$(TEST_HOST)";
				INFOPLIST_FILE = TicketsTests/Info.plist;
				LD_RUNPATH_SEARCH_PATHS = "$(inherited) @executable_path/Frameworks @loader_path/Frameworks";
				PRODUCT_BUNDLE_IDENTIFIER = com.nifeng.TicketsTests;
				PRODUCT_NAME = "$(TARGET_NAME)";
				TEST_HOST = "$(BUILT_PRODUCTS_DIR)/Tickets.app/Tickets";
			};
			name = Release;
		};
		45DFF1651CD338A2002C0814 /* Debug */ = {
			isa = XCBuildConfiguration;
			baseConfigurationReference = 1CB78B838E61DECE94EA2C51 /* Pods-TicketsUITests.debug.xcconfig */;
			buildSettings = {
				INFOPLIST_FILE = TicketsUITests/Info.plist;
				LD_RUNPATH_SEARCH_PATHS = "$(inherited) @executable_path/Frameworks @loader_path/Frameworks";
				PRODUCT_BUNDLE_IDENTIFIER = com.nifeng.TicketsUITests;
				PRODUCT_NAME = "$(TARGET_NAME)";
				TEST_TARGET_NAME = Tickets;
			};
			name = Debug;
		};
		45DFF1661CD338A2002C0814 /* Release */ = {
			isa = XCBuildConfiguration;
			baseConfigurationReference = E33D581155A281DF8D3A8AD9 /* Pods-TicketsUITests.release.xcconfig */;
			buildSettings = {
				INFOPLIST_FILE = TicketsUITests/Info.plist;
				LD_RUNPATH_SEARCH_PATHS = "$(inherited) @executable_path/Frameworks @loader_path/Frameworks";
				PRODUCT_BUNDLE_IDENTIFIER = com.nifeng.TicketsUITests;
				PRODUCT_NAME = "$(TARGET_NAME)";
				TEST_TARGET_NAME = Tickets;
			};
			name = Release;
		};
/* End XCBuildConfiguration section */

/* Begin XCConfigurationList section */
		45DFF12F1CD338A2002C0814 /* Build configuration list for PBXProject "Tickets" */ = {
			isa = XCConfigurationList;
			buildConfigurations = (
				45DFF15C1CD338A2002C0814 /* Debug */,
				45DFF15D1CD338A2002C0814 /* Release */,
			);
			defaultConfigurationIsVisible = 0;
			defaultConfigurationName = Release;
		};
		45DFF15E1CD338A2002C0814 /* Build configuration list for PBXNativeTarget "Tickets" */ = {
			isa = XCConfigurationList;
			buildConfigurations = (
				45DFF15F1CD338A2002C0814 /* Debug */,
				45DFF1601CD338A2002C0814 /* Release */,
			);
			defaultConfigurationIsVisible = 0;
			defaultConfigurationName = Release;
		};
		45DFF1611CD338A2002C0814 /* Build configuration list for PBXNativeTarget "TicketsTests" */ = {
			isa = XCConfigurationList;
			buildConfigurations = (
				45DFF1621CD338A2002C0814 /* Debug */,
				45DFF1631CD338A2002C0814 /* Release */,
			);
			defaultConfigurationIsVisible = 0;
			defaultConfigurationName = Release;
		};
		45DFF1641CD338A2002C0814 /* Build configuration list for PBXNativeTarget "TicketsUITests" */ = {
			isa = XCConfigurationList;
			buildConfigurations = (
				45DFF1651CD338A2002C0814 /* Debug */,
				45DFF1661CD338A2002C0814 /* Release */,
			);
			defaultConfigurationIsVisible = 0;
			defaultConfigurationName = Release;
		};
/* End XCConfigurationList section */
	};
	rootObject = 45DFF12C1CD338A2002C0814 /* Project object */;
}
